{
  "requires": true,
  "lockfileVersion": 1,
  "dependencies": {
    "@node-redis/bloom": {
      "version": "1.0.1",
      "resolved": "https://registry.npmjs.org/@node-redis/bloom/-/bloom-1.0.1.tgz",
      "integrity": "sha512-mXEBvEIgF4tUzdIN89LiYsbi6//EdpFA7L8M+DHCvePXg+bfHWi+ct5VI6nHUFQE5+ohm/9wmgihCH3HSkeKsw=="
    },
    "@node-redis/client": {
      "version": "1.0.3",
      "resolved": "https://registry.npmjs.org/@node-redis/client/-/client-1.0.3.tgz",
      "integrity": "sha512-IXNgOG99PHGL3NxN3/e8J8MuX+H08I+OMNmheGmZBXngE0IntaCQwwrd7NzmiHA+zH3SKHiJ+6k3P7t7XYknMw==",
      "requires": {
        "cluster-key-slot": "1.1.0",
        "generic-pool": "3.8.2",
        "redis-parser": "3.0.0",
        "yallist": "4.0.0"
      }
    },
    "@node-redis/graph": {
      "version": "1.0.0",
      "resolved": "https://registry.npmjs.org/@node-redis/graph/-/graph-1.0.0.tgz",
      "integrity": "sha512-mRSo8jEGC0cf+Rm7q8mWMKKKqkn6EAnA9IA2S3JvUv/gaWW/73vil7GLNwion2ihTptAm05I9LkepzfIXUKX5g=="
    },
    "@node-redis/json": {
      "version": "1.0.2",
      "resolved": "https://registry.npmjs.org/@node-redis/json/-/json-1.0.2.tgz",
      "integrity": "sha512-qVRgn8WfG46QQ08CghSbY4VhHFgaTY71WjpwRBGEuqGPfWwfRcIf3OqSpR7Q/45X+v3xd8mvYjywqh0wqJ8T+g=="
    },
    "@node-redis/search": {
      "version": "1.0.2",
      "resolved": "https://registry.npmjs.org/@node-redis/search/-/search-1.0.2.tgz",
      "integrity": "sha512-gWhEeji+kTAvzZeguUNJdMSZNH2c5dv3Bci8Nn2f7VGuf6IvvwuZDSBOuOlirLVgayVuWzAG7EhwaZWK1VDnWQ=="
    },
    "@node-redis/time-series": {
      "version": "1.0.1",
      "resolved": "https://registry.npmjs.org/@node-redis/time-series/-/time-series-1.0.1.tgz",
      "integrity": "sha512-+nTn6EewVj3GlUXPuD3dgheWqo219jTxlo6R+pg24OeVvFHx9aFGGiyOgj3vBPhWUdRZ0xMcujXV5ki4fbLyMw=="
    },
    "@types/aws-lambda": {
      "version": "8.10.92",
      "resolved": "https://registry.npmjs.org/@types/aws-lambda/-/aws-lambda-8.10.92.tgz",
      "integrity": "sha512-dB14TltT1SNq73z3MaZfKyyBZ37NAgAFl8jze59bisR4fJ6pB6AYGxItHFkooZbN7UcVJX/cFudM4p8wp1W4rA=="
    },
    "aws-multipart-parser": {
      "version": "0.2.1",
      "resolved": "https://registry.npmjs.org/aws-multipart-parser/-/aws-multipart-parser-0.2.1.tgz",
      "integrity": "sha512-/IAOWk0jn+vxu6s0NhLA+en86usGYBj4VCBvTIbrOuL2wHcMKVuV5Zgxc1z4tFk/XSMj5ucIALiACoqglT8LWw==",
      "requires": {
        "@types/aws-lambda": "^8.10.19"
      }
    },
    "axios": {
      "version": "0.26.1",
      "resolved": "https://registry.npmjs.org/axios/-/axios-0.26.1.tgz",
      "integrity": "sha512-fPwcX4EvnSHuInCMItEhAGnaSEXRBjtzh9fOtsE6E1G6p7vl7edEeZe11QHf18+6+9gR5PbKV/sGKNaD8YaMeA==",
      "requires": {
        "follow-redirects": "^1.14.8"
      }
    },
    "cluster-key-slot": {
      "version": "1.1.0",
      "resolved": "https://registry.npmjs.org/cluster-key-slot/-/cluster-key-slot-1.1.0.tgz",
      "integrity": "sha512-2Nii8p3RwAPiFwsnZvukotvow2rIHM+yQ6ZcBXGHdniadkYGZYiGmkHJIbZPIV9nfv7m/U1IPMVVcAhoWFeklw=="
    },
    "follow-redirects": {
      "version": "1.15.0",
      "resolved": "https://registry.npmjs.org/follow-redirects/-/follow-redirects-1.15.0.tgz",
      "integrity": "sha512-aExlJShTV4qOUOL7yF1U5tvLCB0xQuudbf6toyYA0E/acBNw71mvjFTnLaRp50aQaYocMR0a/RMMBIHeZnGyjQ=="
    },
    "generic-pool": {
      "version": "3.8.2",
      "resolved": "https://registry.npmjs.org/generic-pool/-/generic-pool-3.8.2.tgz",
      "integrity": "sha512-nGToKy6p3PAbYQ7p1UlWl6vSPwfwU6TMSWK7TTu+WUY4ZjyZQGniGGt2oNVvyNSpyZYSB43zMXVLcBm08MTMkg=="
    },
    "http-status": {
      "version": "1.5.0",
      "resolved": "https://registry.npmjs.org/http-status/-/http-status-1.5.0.tgz",
      "integrity": "sha512-wcGvY31MpFNHIkUcXHHnvrE4IKYlpvitJw5P/1u892gMBAM46muQ+RH7UN1d+Ntnfx5apnOnVY6vcLmrWHOLwg=="
    },
    "redis": {
      "version": "4.0.3",
      "resolved": "https://registry.npmjs.org/redis/-/redis-4.0.3.tgz",
      "integrity": "sha512-SJMRXvgiQUYN0HaWwWv002J5ZgkhYXOlbLomzcrL3kP42yRNZ8Jx5nvLYhVpgmf10xcDpanFOxxJkphu2eyIFQ==",
      "requires": {
        "@node-redis/bloom": "1.0.1",
        "@node-redis/client": "1.0.3",
        "@node-redis/graph": "1.0.0",
        "@node-redis/json": "1.0.2",
        "@node-redis/search": "1.0.2",
        "@node-redis/time-series": "1.0.1"
      }
    },
    "redis-errors": {
      "version": "1.2.0",
      "resolved": "https://registry.npmjs.org/redis-errors/-/redis-errors-1.2.0.tgz",
      "integrity": "sha1-62LSrbFeTq9GEMBK/hUpOEJQq60="
    },
    "redis-parser": {
      "version": "3.0.0",
      "resolved": "https://registry.npmjs.org/redis-parser/-/redis-parser-3.0.0.tgz",
      "integrity": "sha1-tm2CjNyv5rS4pCin3vTGvKwxyLQ=",
      "requires": {
        "redis-errors": "^1.0.0"
      }
    },
    "serverless-apigw-binary": {
      "version": "0.4.4",
      "resolved": "https://registry.npmjs.org/serverless-apigw-binary/-/serverless-apigw-binary-0.4.4.tgz",
      "integrity": "sha512-2DJmQTzeXa/+8u9ekReqf7j4gQjBtzQE4MK9nlOnEz4F7MVWCQXYlLPmf2TXSoxxJZzlWvIiNzCTq6vAT9F5FQ=="
    },
    "yallist": {
      "version": "4.0.0",
      "resolved": "https://registry.npmjs.org/yallist/-/yallist-4.0.0.tgz",
      "integrity": "sha512-3wdGidZyq5PB084XLES5TpOSRA3wjXAlIWMhum2kRcv/41Sn2emQ0dycQW4uZXLejwKvg6EsvbdlVL+FYEct7A=="
    }
  }
}
